
Microsoft Visual Studio Solution File, Format Version 12.00
# Visual Studio 2013
VisualStudioVersion = 12.0.31101.0
MinimumVisualStudioVersion = 10.0.40219.1
Project("{FAE04EC0-301F-11D3-BF4B-00C04F79EFBC}") = "Pbl", "Pbl\Pbl.csproj", "{316642FD-DF69-464B-B9E0-B363AE4FD6F6}"
EndProject
Project("{FAE04EC0-301F-11D3-BF4B-00C04F79EFBC}") = "PblReader", "PblReader\PblReader.csproj", "{E76A5C63-3A73-4E68-A928-A062DB5EF158}"
EndProject
Global
	GlobalSection(SolutionConfigurationPlatforms) = preSolution
		Debug|Any CPU = Debug|Any CPU
		Release|Any CPU = Release|Any CPU
	EndGlobalSection
	GlobalSection(ProjectConfigurationPlatforms) = postSolution
		{316642FD-DF69-464B-B9E0-B363AE4FD6F6}.Debug|Any CPU.ActiveCfg = Debug|Any CPU
		{316642FD-DF69-464B-B9E0-B363AE4FD6F6}.Debug|Any CPU.Build.0 = Debug|Any CPU
		{316642FD-DF69-464B-B9E0-B363AE4FD6F6}.Release|Any CPU.ActiveCfg = Release|Any CPU
		{316642FD-DF69-464B-B9E0-B363AE4FD6F6}.Release|Any CPU.Build.0 = Release|Any CPU
		{E76A5C63-3A73-4E68-A928-A062DB5EF158}.Debug|Any CPU.ActiveCfg = Debug|Any CPU
		{E76A5C63-3A73-4E68-A928-A062DB5EF158}.Debug|Any CPU.Build.0 = Debug|Any CPU
		{E76A5C63-3A73-4E68-A928-A062DB5EF158}.Release|Any CPU.ActiveCfg = Release|Any CPU
		{E76A5C63-3A73-4E68-A928-A062DB5EF158}.Release|Any CPU.Build.0 = Release|Any CPU
	EndGlobalSection
	GlobalSection(SolutionProperties) = preSolution
		HideSolutionNode = FALSE
	EndGlobalSection
EndGlobal
